<?xml version="1.0" encoding="UTF-8" standalone="yes" ?>
<CodeBlocks_project_file>
	<FileVersion major="1" minor="6" />
	<Project>
		<Option title="jumpy" />
		<Option pch_mode="2" />
		<Option compiler="gcc" />
		<Build>
			<Target title="Debug">
				<Option output="bin/Debug/jumpy" prefix_auto="1" extension_auto="1" />
				<Option object_output="obj/Debug/" />
				<Option type="1" />
				<Option compiler="gcc" />
				<Compiler>
					<Add option="-g" />
				</Compiler>
				<Linker>
					<Add library="sfml-graphics-d" />
					<Add library="sfml-audio-d" />
					<Add library="sfml-window-d" />
					<Add library="sfml-system-d" />
				</Linker>
			</Target>
			<Target title="Release">
				<Option output="bin/Release/jumpy" prefix_auto="1" extension_auto="1" />
				<Option object_output="obj/Release/" />
				<Option type="1" />
				<Option compiler="gcc" />
				<Compiler>
					<Add option="-O2" />
				</Compiler>
				<Linker>
					<Add option="-s" />
					<Add library="sfml-graphics" />
					<Add library="sfml-window" />
					<Add library="sfml-system" />
				</Linker>
			</Target>
		</Build>
		<Compiler>
			<Add option="-Wall" />
			<Add directory="include" />
			<Add directory="../../SFML-2.4.1/include" />
			<Add directory="TinyXML2/include" />
		</Compiler>
		<Linker>
			<Add option="-static-libstdc++" />
			<Add option="-static-libgcc" />
			<Add directory="../../SFML-2.4.1/lib" />
		</Linker>
		<Unit filename="TinyXML2/include/tinyxml2.h" />
		<Unit filename="TinyXML2/src/tinyxml2.cpp" />
		<Unit filename="include/actor.hpp" />
		<Unit filename="include/animation.hpp" />
		<Unit filename="include/decoration.hpp" />
		<Unit filename="include/gameobj.hpp" />
		<Unit filename="include/heathui.hpp" />
		<Unit filename="include/jumpy.hpp" />
		<Unit filename="include/level.hpp" />
		<Unit filename="include/leveleditor.hpp" />
		<Unit filename="include/meth.hpp" />
		<Unit filename="include/methhead.hpp" />
		<Unit filename="include/methui.hpp" />
		<Unit filename="include/particle.hpp" />
		<Unit filename="include/player.hpp" />
		<Unit filename="include/spritesheet.hpp" />
		<Unit filename="include/teleporter.hpp" />
		<Unit filename="include/tile.hpp" />
		<Unit filename="include/tools.hpp" />
		<Unit filename="include/weapon.hpp" />
		<Unit filename="include/weaponui.hpp" />
		<Unit filename="include/zone.hpp" />
		<Unit filename="src/actor.cpp" />
		<Unit filename="src/animation.cpp" />
		<Unit filename="src/decoration.cpp" />
		<Unit filename="src/gameobj.cpp" />
		<Unit filename="src/healthui.cpp" />
		<Unit filename="src/jumpy.cpp" />
		<Unit filename="src/level.cpp" />
		<Unit filename="src/leveleditor.cpp" />
		<Unit filename="src/main.cpp" />
		<Unit filename="src/meth.cpp" />
		<Unit filename="src/methhead.cpp" />
		<Unit filename="src/methui.cpp" />
		<Unit filename="src/particle.cpp" />
		<Unit filename="src/player.cpp" />
		<Unit filename="src/spritesheet.cpp" />
		<Unit filename="src/tile.cpp" />
		<Unit filename="src/tools.cpp" />
		<Unit filename="src/weapon.cpp" />
		<Unit filename="src/weaponui.cpp" />
		<Unit filename="src/zone.cpp" />
		<Extensions>
			<code_completion />
			<envvars />
			<debugger />
			<lib_finder disable_auto="1" />
		</Extensions>
	</Project>
</CodeBlocks_project_file>
